
Microsoft Visual Studio Solution File, Format Version 12.00
# Visual Studio Version 17
VisualStudioVersion = 17.12.35527.113 d17.12
MinimumVisualStudioVersion = 10.0.40219.1
Project("{FAE04EC0-301F-11D3-BF4B-00C04F79EFBC}") = "Application", "Application\Application.csproj", "{5E728F13-DD4A-4167-9362-B39946E612C0}"
EndProject
Project("{FAE04EC0-301F-11D3-BF4B-00C04F79EFBC}") = "Infrastructure", "Infrastructure\Infrastructure.csproj", "{1A48294D-8029-4971-B22A-04E47FE1E52E}"
EndProject
Project("{FAE04EC0-301F-11D3-BF4B-00C04F79EFBC}") = "Domain", "Domain\Domain.csproj", "{AD6AE957-1460-436A-A625-8D479BD5D679}"
EndProject
Project("{FAE04EC0-301F-11D3-BF4B-00C04F79EFBC}") = "Presentation", "Presentation\Presentation.csproj", "{A476F601-5024-4EE0-9554-FBF5947EC7E2}"
EndProject
Global
	GlobalSection(SolutionConfigurationPlatforms) = preSolution
		Debug|Any CPU = Debug|Any CPU
		Release|Any CPU = Release|Any CPU
	EndGlobalSection
	GlobalSection(ProjectConfigurationPlatforms) = postSolution
		{5E728F13-DD4A-4167-9362-B39946E612C0}.Debug|Any CPU.ActiveCfg = Debug|Any CPU
		{5E728F13-DD4A-4167-9362-B39946E612C0}.Debug|Any CPU.Build.0 = Debug|Any CPU
		{5E728F13-DD4A-4167-9362-B39946E612C0}.Release|Any CPU.ActiveCfg = Release|Any CPU
		{5E728F13-DD4A-4167-9362-B39946E612C0}.Release|Any CPU.Build.0 = Release|Any CPU
		{1A48294D-8029-4971-B22A-04E47FE1E52E}.Debug|Any CPU.ActiveCfg = Debug|Any CPU
		{1A48294D-8029-4971-B22A-04E47FE1E52E}.Debug|Any CPU.Build.0 = Debug|Any CPU
		{1A48294D-8029-4971-B22A-04E47FE1E52E}.Release|Any CPU.ActiveCfg = Release|Any CPU
		{1A48294D-8029-4971-B22A-04E47FE1E52E}.Release|Any CPU.Build.0 = Release|Any CPU
		{AD6AE957-1460-436A-A625-8D479BD5D679}.Debug|Any CPU.ActiveCfg = Debug|Any CPU
		{AD6AE957-1460-436A-A625-8D479BD5D679}.Debug|Any CPU.Build.0 = Debug|Any CPU
		{AD6AE957-1460-436A-A625-8D479BD5D679}.Release|Any CPU.ActiveCfg = Release|Any CPU
		{AD6AE957-1460-436A-A625-8D479BD5D679}.Release|Any CPU.Build.0 = Release|Any CPU
		{A476F601-5024-4EE0-9554-FBF5947EC7E2}.Debug|Any CPU.ActiveCfg = Debug|Any CPU
		{A476F601-5024-4EE0-9554-FBF5947EC7E2}.Debug|Any CPU.Build.0 = Debug|Any CPU
		{A476F601-5024-4EE0-9554-FBF5947EC7E2}.Release|Any CPU.ActiveCfg = Release|Any CPU
		{A476F601-5024-4EE0-9554-FBF5947EC7E2}.Release|Any CPU.Build.0 = Release|Any CPU
	EndGlobalSection
	GlobalSection(SolutionProperties) = preSolution
		HideSolutionNode = FALSE
	EndGlobalSection
EndGlobal
